
Microsoft Visual Studio Solution File, Format Version 12.00
# Visual Studio Version 17
VisualStudioVersion = 17.5.33424.131
MinimumVisualStudioVersion = 10.0.40219.1
Project("{9A19103F-16F7-4668-BE54-9A1E7A4F7556}") = "SprintMod", "SprintMod\SprintMod.csproj", "{2D6EB816-3B1B-4F0B-BD17-0978A9415C1D}"
EndProject
Project("{9A19103F-16F7-4668-BE54-9A1E7A4F7556}") = "ScroogeShopExtraRefresh", "ScroogeShopExtraRefresh\ScroogeShopExtraRefresh.csproj", "{CCA89D20-896A-48C6-8961-1BCCD8CD5161}"
EndProject
Project("{9A19103F-16F7-4668-BE54-9A1E7A4F7556}") = "NoObjectLimit", "NoObjectLimit\NoObjectLimit.csproj", "{7F60BBD0-0AE3-4945-8492-5A990D7961D7}"
EndProject
Global
	GlobalSection(SolutionConfigurationPlatforms) = preSolution
		Debug|Any CPU = Debug|Any CPU
		Release|Any CPU = Release|Any CPU
	EndGlobalSection
	GlobalSection(ProjectConfigurationPlatforms) = postSolution
		{2D6EB816-3B1B-4F0B-BD17-0978A9415C1D}.Debug|Any CPU.ActiveCfg = Debug|Any CPU
		{2D6EB816-3B1B-4F0B-BD17-0978A9415C1D}.Debug|Any CPU.Build.0 = Debug|Any CPU
		{2D6EB816-3B1B-4F0B-BD17-0978A9415C1D}.Release|Any CPU.ActiveCfg = Release|Any CPU
		{2D6EB816-3B1B-4F0B-BD17-0978A9415C1D}.Release|Any CPU.Build.0 = Release|Any CPU
		{CCA89D20-896A-48C6-8961-1BCCD8CD5161}.Debug|Any CPU.ActiveCfg = Debug|Any CPU
		{CCA89D20-896A-48C6-8961-1BCCD8CD5161}.Debug|Any CPU.Build.0 = Debug|Any CPU
		{CCA89D20-896A-48C6-8961-1BCCD8CD5161}.Release|Any CPU.ActiveCfg = Release|Any CPU
		{CCA89D20-896A-48C6-8961-1BCCD8CD5161}.Release|Any CPU.Build.0 = Release|Any CPU
		{7F60BBD0-0AE3-4945-8492-5A990D7961D7}.Debug|Any CPU.ActiveCfg = Debug|Any CPU
		{7F60BBD0-0AE3-4945-8492-5A990D7961D7}.Debug|Any CPU.Build.0 = Debug|Any CPU
		{7F60BBD0-0AE3-4945-8492-5A990D7961D7}.Release|Any CPU.ActiveCfg = Release|Any CPU
		{7F60BBD0-0AE3-4945-8492-5A990D7961D7}.Release|Any CPU.Build.0 = Release|Any CPU
	EndGlobalSection
	GlobalSection(SolutionProperties) = preSolution
		HideSolutionNode = FALSE
	EndGlobalSection
	GlobalSection(ExtensibilityGlobals) = postSolution
		SolutionGuid = {053A716E-1625-4761-908E-ECA3F1672486}
	EndGlobalSection
EndGlobal
